
Microsoft Visual Studio Solution File, Format Version 12.00
# Visual Studio Version 16
VisualStudioVersion = 16.0.31005.135
MinimumVisualStudioVersion = 10.0.40219.1
Project("{9A19103F-16F7-4668-BE54-9A1E7A4F7556}") = "ConferenceManager", "ConferencePlanner\ConferenceManager.csproj", "{4C8B740F-11F7-4964-9983-7507D4A86514}"
EndProject
Global
	GlobalSection(SolutionConfigurationPlatforms) = preSolution
		Debug|Any CPU = Debug|Any CPU
		Release|Any CPU = Release|Any CPU
	EndGlobalSection
	GlobalSection(ProjectConfigurationPlatforms) = postSolution
		{4C8B740F-11F7-4964-9983-7507D4A86514}.Debug|Any CPU.ActiveCfg = Debug|Any CPU
		{4C8B740F-11F7-4964-9983-7507D4A86514}.Debug|Any CPU.Build.0 = Debug|Any CPU
		{4C8B740F-11F7-4964-9983-7507D4A86514}.Release|Any CPU.ActiveCfg = Release|Any CPU
		{4C8B740F-11F7-4964-9983-7507D4A86514}.Release|Any CPU.Build.0 = Release|Any CPU
	EndGlobalSection
	GlobalSection(SolutionProperties) = preSolution
		HideSolutionNode = FALSE
	EndGlobalSection
	GlobalSection(ExtensibilityGlobals) = postSolution
		SolutionGuid = {A228CAA2-5A99-4B9D-A10D-A44C76F1AC16}
	EndGlobalSection
EndGlobal
