
Microsoft Visual Studio Solution File, Format Version 12.00
# Visual Studio Version 16
VisualStudioVersion = 16.0.31005.135
MinimumVisualStudioVersion = 10.0.40219.1
Project("{9A19103F-16F7-4668-BE54-9A1E7A4F7556}") = "ConferenceManager_Testing", "ConferenceManager_Testing\ConferenceManager_Testing.csproj", "{32D5C146-8ABB-4686-A130-B18942D09257}"
EndProject
Project("{9A19103F-16F7-4668-BE54-9A1E7A4F7556}") = "ConferenceManager", "ConferenceManager\ConferenceManager.csproj", "{C35CA2A8-2BC5-4910-A5CC-6F280AD2AA9B}"
EndProject
Global
	GlobalSection(SolutionConfigurationPlatforms) = preSolution
		Debug|Any CPU = Debug|Any CPU
		Release|Any CPU = Release|Any CPU
	EndGlobalSection
	GlobalSection(ProjectConfigurationPlatforms) = postSolution
		{32D5C146-8ABB-4686-A130-B18942D09257}.Debug|Any CPU.ActiveCfg = Debug|Any CPU
		{32D5C146-8ABB-4686-A130-B18942D09257}.Debug|Any CPU.Build.0 = Debug|Any CPU
		{32D5C146-8ABB-4686-A130-B18942D09257}.Release|Any CPU.ActiveCfg = Release|Any CPU
		{32D5C146-8ABB-4686-A130-B18942D09257}.Release|Any CPU.Build.0 = Release|Any CPU
		{C35CA2A8-2BC5-4910-A5CC-6F280AD2AA9B}.Debug|Any CPU.ActiveCfg = Debug|Any CPU
		{C35CA2A8-2BC5-4910-A5CC-6F280AD2AA9B}.Debug|Any CPU.Build.0 = Debug|Any CPU
		{C35CA2A8-2BC5-4910-A5CC-6F280AD2AA9B}.Release|Any CPU.ActiveCfg = Release|Any CPU
		{C35CA2A8-2BC5-4910-A5CC-6F280AD2AA9B}.Release|Any CPU.Build.0 = Release|Any CPU
	EndGlobalSection
	GlobalSection(SolutionProperties) = preSolution
		HideSolutionNode = FALSE
	EndGlobalSection
	GlobalSection(ExtensibilityGlobals) = postSolution
		SolutionGuid = {A228CAA2-5A99-4B9D-A10D-A44C76F1AC16}
	EndGlobalSection
EndGlobal
